
Microsoft Visual Studio Solution File, Format Version 12.00
# Visual Studio Version 16
VisualStudioVersion = 16.0.31410.357
MinimumVisualStudioVersion = 10.0.40219.1
Project("{FAE04EC0-301F-11D3-BF4B-00C04F79EFBC}") = "BankAccount", "BankAccount\BankAccount.csproj", "{FC391924-DBD7-41D9-8635-2FC36696905C}"
EndProject
Global
	GlobalSection(SolutionConfigurationPlatforms) = preSolution
		Debug|Any CPU = Debug|Any CPU
		Release|Any CPU = Release|Any CPU
	EndGlobalSection
	GlobalSection(ProjectConfigurationPlatforms) = postSolution
		{FC391924-DBD7-41D9-8635-2FC36696905C}.Debug|Any CPU.ActiveCfg = Debug|Any CPU
		{FC391924-DBD7-41D9-8635-2FC36696905C}.Debug|Any CPU.Build.0 = Debug|Any CPU
		{FC391924-DBD7-41D9-8635-2FC36696905C}.Release|Any CPU.ActiveCfg = Release|Any CPU
		{FC391924-DBD7-41D9-8635-2FC36696905C}.Release|Any CPU.Build.0 = Release|Any CPU
	EndGlobalSection
	GlobalSection(SolutionProperties) = preSolution
		HideSolutionNode = FALSE
	EndGlobalSection
	GlobalSection(ExtensibilityGlobals) = postSolution
		SolutionGuid = {A5C9AB5A-FCDB-4C17-9E49-F4A4363A5ABB}
	EndGlobalSection
EndGlobal
